
Microsoft Visual Studio Solution File, Format Version 12.00
# Visual Studio Version 17
VisualStudioVersion = 17.0.31903.59
MinimumVisualStudioVersion = 10.0.40219.1
Project("{FAE04EC0-301F-11D3-BF4B-00C04F79EFBC}") = "Soju", "Soju\Soju.csproj", "{DCB38A84-45E3-4FAB-B96C-4F952DAF6BB2}"
EndProject
Project("{FAE04EC0-301F-11D3-BF4B-00C04F79EFBC}") = "Soju.Tests", "Soju.Tests\Soju.Tests.csproj", "{854D4459-34CF-42C1-A512-C19DF8041678}"
EndProject
Project("{FAE04EC0-301F-11D3-BF4B-00C04F79EFBC}") = "Soju.Mixer.v1", "Soju.Mixer.v1\Soju.Mixer.v1.csproj", "{7275C600-CA4C-4214-B0A8-3722C5162C66}"
EndProject
Project("{FAE04EC0-301F-11D3-BF4B-00C04F79EFBC}") = "Soju.Shared", "Soju.Shared\Soju.Shared.csproj", "{8BB49456-70E7-4822-BA84-4859A8FA63CD}"
EndProject
Global
	GlobalSection(SolutionConfigurationPlatforms) = preSolution
		Debug|Any CPU = Debug|Any CPU
		Release|Any CPU = Release|Any CPU
	EndGlobalSection
	GlobalSection(SolutionProperties) = preSolution
		HideSolutionNode = FALSE
	EndGlobalSection
	GlobalSection(ProjectConfigurationPlatforms) = postSolution
		{DCB38A84-45E3-4FAB-B96C-4F952DAF6BB2}.Debug|Any CPU.ActiveCfg = Debug|Any CPU
		{DCB38A84-45E3-4FAB-B96C-4F952DAF6BB2}.Debug|Any CPU.Build.0 = Debug|Any CPU
		{DCB38A84-45E3-4FAB-B96C-4F952DAF6BB2}.Release|Any CPU.ActiveCfg = Release|Any CPU
		{DCB38A84-45E3-4FAB-B96C-4F952DAF6BB2}.Release|Any CPU.Build.0 = Release|Any CPU
		{854D4459-34CF-42C1-A512-C19DF8041678}.Debug|Any CPU.ActiveCfg = Debug|Any CPU
		{854D4459-34CF-42C1-A512-C19DF8041678}.Debug|Any CPU.Build.0 = Debug|Any CPU
		{854D4459-34CF-42C1-A512-C19DF8041678}.Release|Any CPU.ActiveCfg = Release|Any CPU
		{854D4459-34CF-42C1-A512-C19DF8041678}.Release|Any CPU.Build.0 = Release|Any CPU
		{7275C600-CA4C-4214-B0A8-3722C5162C66}.Debug|Any CPU.ActiveCfg = Debug|Any CPU
		{7275C600-CA4C-4214-B0A8-3722C5162C66}.Debug|Any CPU.Build.0 = Debug|Any CPU
		{7275C600-CA4C-4214-B0A8-3722C5162C66}.Release|Any CPU.ActiveCfg = Release|Any CPU
		{7275C600-CA4C-4214-B0A8-3722C5162C66}.Release|Any CPU.Build.0 = Release|Any CPU
		{8BB49456-70E7-4822-BA84-4859A8FA63CD}.Debug|Any CPU.ActiveCfg = Debug|Any CPU
		{8BB49456-70E7-4822-BA84-4859A8FA63CD}.Debug|Any CPU.Build.0 = Debug|Any CPU
		{8BB49456-70E7-4822-BA84-4859A8FA63CD}.Release|Any CPU.ActiveCfg = Release|Any CPU
		{8BB49456-70E7-4822-BA84-4859A8FA63CD}.Release|Any CPU.Build.0 = Release|Any CPU
	EndGlobalSection
EndGlobal
